
Microsoft Visual Studio Solution File, Format Version 12.00
# Visual Studio 15
VisualStudioVersion = 15.0.28307.421
MinimumVisualStudioVersion = 10.0.40219.1
Project("{FAE04EC0-301F-11D3-BF4B-00C04F79EFBC}") = "TestAzurePipeline", "TestAzurePipeline\TestAzurePipeline.csproj", "{CE6DD10E-9DFF-4CDB-B445-04EB01F30678}"
EndProject
Global
	GlobalSection(SolutionConfigurationPlatforms) = preSolution
		Debug|Any CPU = Debug|Any CPU
		Release|Any CPU = Release|Any CPU
	EndGlobalSection
	GlobalSection(ProjectConfigurationPlatforms) = postSolution
		{CE6DD10E-9DFF-4CDB-B445-04EB01F30678}.Debug|Any CPU.ActiveCfg = Debug|Any CPU
		{CE6DD10E-9DFF-4CDB-B445-04EB01F30678}.Debug|Any CPU.Build.0 = Debug|Any CPU
		{CE6DD10E-9DFF-4CDB-B445-04EB01F30678}.Release|Any CPU.ActiveCfg = Release|Any CPU
		{CE6DD10E-9DFF-4CDB-B445-04EB01F30678}.Release|Any CPU.Build.0 = Release|Any CPU
	EndGlobalSection
	GlobalSection(SolutionProperties) = preSolution
		HideSolutionNode = FALSE
	EndGlobalSection
	GlobalSection(ExtensibilityGlobals) = postSolution
		SolutionGuid = {5CEB14C6-113A-4CDF-8111-19A7061E603E}
	EndGlobalSection
EndGlobal
